{
    "_readme": [
        "This file locks the dependencies of your project to a known state",
        "Read more about it at http://getcomposer.org/doc/01-basic-usage.md#composer-lock-the-lock-file"
    ],
    "hash": "ba212626d24d921250485f8573e111fb",
    "packages": [
        {
            "name": "joomla/compat",
            "version": "1.0",
            "target-dir": "Joomla/Compat",
            "source": {
                "type": "git",
                "url": "https://github.com/joomla/joomla-framework-compat.git",
                "reference": "c59ff64cb3ee068c22aedfaab8fe4888f63376d3"
            },
            "dist": {
                "type": "zip",
                "url": "https://api.github.com/repos/joomla/joomla-framework-compat/zipball/c59ff64cb3ee068c22aedfaab8fe4888f63376d3",
                "reference": "c59ff64cb3ee068c22aedfaab8fe4888f63376d3",
                "shasum": ""
            },
            "require": {
                "php": ">=5.3.10"
            },
            "type": "joomla-package",
            "autoload": {
                "classmap": [
                    "JsonSerializable.php"
                ]
            },
            "notification-url": "https://packagist.org/downloads/",
            "license": [
                "GPL-2.0+"
            ],
            "description": "Joomla Compat Package",
            "homepage": "https://github.com/joomla/joomla-framework-compat",
            "keywords": [
                "compat",
                "framework",
                "joomla"
            ],
            "time": "2013-05-15 03:30:25"
        },
        {
            "name": "joomla/registry",
            "version": "1.0",
            "target-dir": "Joomla/Registry",
            "source": {
                "type": "git",
                "url": "https://github.com/joomla/joomla-framework-registry.git",
                "reference": "ab7033dc000a8326bfa38ca31deaf20441eb8b7d"
            },
            "dist": {
                "type": "zip",
                "url": "https://api.github.com/repos/joomla/joomla-framework-registry/zipball/ab7033dc000a8326bfa38ca31deaf20441eb8b7d",
                "reference": "ab7033dc000a8326bfa38ca31deaf20441eb8b7d",
                "shasum": ""
            },
            "require": {
                "joomla/compat": "~1.0",
                "joomla/utilities": "~1.0",
                "php": ">=5.3.10"
            },
            "require-dev": {
                "joomla/test": "~1.0",
                "symfony/yaml": "~2.0"
            },
            "suggest": {
                "symfony/yaml": "Install 2.* if you require YAML support."
            },
            "type": "joomla-package",
            "autoload": {
                "psr-0": {
                    "Joomla\\Registry": ""
                }
            },
            "notification-url": "https://packagist.org/downloads/",
            "license": [
                "GPL-2.0+"
            ],
            "description": "Joomla Registry Package",
            "homepage": "https://github.com/joomla/joomla-framework-registry",
            "keywords": [
                "framework",
                "joomla",
                "registry"
            ],
            "time": "2013-11-28 18:06:46"
        },
        {
            "name": "joomla/string",
            "version": "1.0",
            "target-dir": "Joomla/String",
            "source": {
                "type": "git",
                "url": "https://github.com/joomla/joomla-framework-string.git",
                "reference": "bdd72a46e68ba18f892f6fb119d5bd7aeb2abc02"
            },
            "dist": {
                "type": "zip",
                "url": "https://api.github.com/repos/joomla/joomla-framework-string/zipball/bdd72a46e68ba18f892f6fb119d5bd7aeb2abc02",
                "reference": "bdd72a46e68ba18f892f6fb119d5bd7aeb2abc02",
                "shasum": ""
            },
            "require": {
                "php": ">=5.3.10"
            },
            "type": "joomla-package",
            "autoload": {
                "psr-0": {
                    "Joomla\\String": ""
                }
            },
            "notification-url": "https://packagist.org/downloads/",
            "license": [
                "GPL-2.0+"
            ],
            "description": "Joomla String Package",
            "homepage": "https://github.com/joomla/joomla-framework-string",
            "keywords": [
                "framework",
                "joomla",
                "string"
            ],
            "time": "2013-11-18 19:05:47"
        },
        {
            "name": "joomla/uri",
            "version": "1.0",
            "target-dir": "Joomla/Uri",
            "source": {
                "type": "git",
                "url": "https://github.com/joomla/joomla-framework-uri.git",
                "reference": "14df710f733c2a1d3ca9048f389cc84da89434b9"
            },
            "dist": {
                "type": "zip",
                "url": "https://api.github.com/repos/joomla/joomla-framework-uri/zipball/14df710f733c2a1d3ca9048f389cc84da89434b9",
                "reference": "14df710f733c2a1d3ca9048f389cc84da89434b9",
                "shasum": ""
            },
            "require": {
                "php": ">=5.3.10"
            },
            "type": "joomla-package",
            "autoload": {
                "psr-0": {
                    "Joomla\\Uri": ""
                }
            },
            "notification-url": "https://packagist.org/downloads/",
            "license": [
                "GPL-2.0+"
            ],
            "description": "Joomla Uri Package",
            "homepage": "https://github.com/joomla/joomla-framework-uri",
            "keywords": [
                "framework",
                "joomla",
                "uri"
            ],
            "time": "2013-10-23 14:00:52"
        },
        {
            "name": "joomla/utilities",
            "version": "1.0",
            "target-dir": "Joomla/Utilities",
            "source": {
                "type": "git",
                "url": "https://github.com/joomla/joomla-framework-utilities.git",
                "reference": "86400d419dc4368c15edcec5825f2dfa063ec528"
            },
            "dist": {
                "type": "zip",
                "url": "https://api.github.com/repos/joomla/joomla-framework-utilities/zipball/86400d419dc4368c15edcec5825f2dfa063ec528",
                "reference": "86400d419dc4368c15edcec5825f2dfa063ec528",
                "shasum": ""
            },
            "require": {
                "joomla/string": "~1.0",
                "php": ">=5.3.10"
            },
            "type": "joomla-package",
            "autoload": {
                "psr-0": {
                    "Joomla\\Utilities": ""
                }
            },
            "notification-url": "https://packagist.org/downloads/",
            "license": [
                "GPL-2.0+"
            ],
            "description": "Joomla Utilities Package",
            "homepage": "https://github.com/joomla/joomla-framework-utilities",
            "keywords": [
                "framework",
                "joomla",
                "utilities"
            ],
            "time": "2013-10-23 14:00:52"
        }
    ],
    "packages-dev": [

    ],
    "aliases": [

    ],
    "minimum-stability": "stable",
    "stability-flags": {
        "joomla/registry": 0,
        "joomla/uri": 0
    },
    "platform": {
        "php": ">=5.3.10"
    },
    "platform-dev": [

    ]
}
